
Microsoft Visual Studio Solution File, Format Version 12.00
# Visual Studio 2013
VisualStudioVersion = 12.0.30110.0
MinimumVisualStudioVersion = 10.0.40219.1
Project("{FAE04EC0-301F-11D3-BF4B-00C04F79EFBC}") = "Brewgr.Web", "Brewgr.Web\Brewgr.Web.csproj", "{FF64482C-8ECB-4F2E-B3A4-899671BFFEB1}"
EndProject
Project("{FAE04EC0-301F-11D3-BF4B-00C04F79EFBC}") = "Brewgr.Web.Core", "Brewgr.Web.Core\Brewgr.Web.Core.csproj", "{117F5BF3-2100-4A2A-95E4-E9A2A0F7BFE1}"
EndProject
Project("{FAE04EC0-301F-11D3-BF4B-00C04F79EFBC}") = "Brewgr.Core", "Brewgr.Core\Brewgr.Core.csproj", "{C3F8DB29-D16E-4A35-843F-001D2047DAE2}"
EndProject
Global
	GlobalSection(SolutionConfigurationPlatforms) = preSolution
		Debug|Any CPU = Debug|Any CPU
		Debug|Mixed Platforms = Debug|Mixed Platforms
		Debug|x86 = Debug|x86
		Marksbury|Any CPU = Marksbury|Any CPU
		Marksbury|Mixed Platforms = Marksbury|Mixed Platforms
		Marksbury|x86 = Marksbury|x86
		Release|Any CPU = Release|Any CPU
		Release|Mixed Platforms = Release|Mixed Platforms
		Release|x86 = Release|x86
		Stage|Any CPU = Stage|Any CPU
		Stage|Mixed Platforms = Stage|Mixed Platforms
		Stage|x86 = Stage|x86
		Zimmerman|Any CPU = Zimmerman|Any CPU
		Zimmerman|Mixed Platforms = Zimmerman|Mixed Platforms
		Zimmerman|x86 = Zimmerman|x86
	EndGlobalSection
	GlobalSection(ProjectConfigurationPlatforms) = postSolution
		{FF64482C-8ECB-4F2E-B3A4-899671BFFEB1}.Debug|Any CPU.ActiveCfg = Debug|Any CPU
		{FF64482C-8ECB-4F2E-B3A4-899671BFFEB1}.Debug|Any CPU.Build.0 = Debug|Any CPU
		{FF64482C-8ECB-4F2E-B3A4-899671BFFEB1}.Debug|Mixed Platforms.ActiveCfg = Debug|Any CPU
		{FF64482C-8ECB-4F2E-B3A4-899671BFFEB1}.Debug|Mixed Platforms.Build.0 = Debug|Any CPU
		{FF64482C-8ECB-4F2E-B3A4-899671BFFEB1}.Debug|x86.ActiveCfg = Debug|Any CPU
		{FF64482C-8ECB-4F2E-B3A4-899671BFFEB1}.Marksbury|Any CPU.ActiveCfg = Marksbury|Any CPU
		{FF64482C-8ECB-4F2E-B3A4-899671BFFEB1}.Marksbury|Any CPU.Build.0 = Marksbury|Any CPU
		{FF64482C-8ECB-4F2E-B3A4-899671BFFEB1}.Marksbury|Mixed Platforms.ActiveCfg = Marksbury|Any CPU
		{FF64482C-8ECB-4F2E-B3A4-899671BFFEB1}.Marksbury|Mixed Platforms.Build.0 = Marksbury|Any CPU
		{FF64482C-8ECB-4F2E-B3A4-899671BFFEB1}.Marksbury|x86.ActiveCfg = Marksbury|Any CPU
		{FF64482C-8ECB-4F2E-B3A4-899671BFFEB1}.Release|Any CPU.ActiveCfg = Release|Any CPU
		{FF64482C-8ECB-4F2E-B3A4-899671BFFEB1}.Release|Any CPU.Build.0 = Release|Any CPU
		{FF64482C-8ECB-4F2E-B3A4-899671BFFEB1}.Release|Mixed Platforms.ActiveCfg = Release|Any CPU
		{FF64482C-8ECB-4F2E-B3A4-899671BFFEB1}.Release|Mixed Platforms.Build.0 = Release|Any CPU
		{FF64482C-8ECB-4F2E-B3A4-899671BFFEB1}.Release|x86.ActiveCfg = Release|Any CPU
		{FF64482C-8ECB-4F2E-B3A4-899671BFFEB1}.Stage|Any CPU.ActiveCfg = Stage|Any CPU
		{FF64482C-8ECB-4F2E-B3A4-899671BFFEB1}.Stage|Any CPU.Build.0 = Stage|Any CPU
		{FF64482C-8ECB-4F2E-B3A4-899671BFFEB1}.Stage|Mixed Platforms.ActiveCfg = Stage|Any CPU
		{FF64482C-8ECB-4F2E-B3A4-899671BFFEB1}.Stage|Mixed Platforms.Build.0 = Stage|Any CPU
		{FF64482C-8ECB-4F2E-B3A4-899671BFFEB1}.Stage|x86.ActiveCfg = Stage|Any CPU
		{FF64482C-8ECB-4F2E-B3A4-899671BFFEB1}.Zimmerman|Any CPU.ActiveCfg = Zimmerman|Any CPU
		{FF64482C-8ECB-4F2E-B3A4-899671BFFEB1}.Zimmerman|Any CPU.Build.0 = Zimmerman|Any CPU
		{FF64482C-8ECB-4F2E-B3A4-899671BFFEB1}.Zimmerman|Mixed Platforms.ActiveCfg = Zimmerman|Any CPU
		{FF64482C-8ECB-4F2E-B3A4-899671BFFEB1}.Zimmerman|Mixed Platforms.Build.0 = Zimmerman|Any CPU
		{FF64482C-8ECB-4F2E-B3A4-899671BFFEB1}.Zimmerman|x86.ActiveCfg = Zimmerman|Any CPU
		{117F5BF3-2100-4A2A-95E4-E9A2A0F7BFE1}.Debug|Any CPU.ActiveCfg = Debug|Any CPU
		{117F5BF3-2100-4A2A-95E4-E9A2A0F7BFE1}.Debug|Any CPU.Build.0 = Debug|Any CPU
		{117F5BF3-2100-4A2A-95E4-E9A2A0F7BFE1}.Debug|Mixed Platforms.ActiveCfg = Debug|Any CPU
		{117F5BF3-2100-4A2A-95E4-E9A2A0F7BFE1}.Debug|Mixed Platforms.Build.0 = Debug|Any CPU
		{117F5BF3-2100-4A2A-95E4-E9A2A0F7BFE1}.Debug|x86.ActiveCfg = Debug|Any CPU
		{117F5BF3-2100-4A2A-95E4-E9A2A0F7BFE1}.Marksbury|Any CPU.ActiveCfg = Marksbury|Any CPU
		{117F5BF3-2100-4A2A-95E4-E9A2A0F7BFE1}.Marksbury|Any CPU.Build.0 = Marksbury|Any CPU
		{117F5BF3-2100-4A2A-95E4-E9A2A0F7BFE1}.Marksbury|Mixed Platforms.ActiveCfg = Marksbury|Any CPU
		{117F5BF3-2100-4A2A-95E4-E9A2A0F7BFE1}.Marksbury|Mixed Platforms.Build.0 = Marksbury|Any CPU
		{117F5BF3-2100-4A2A-95E4-E9A2A0F7BFE1}.Marksbury|x86.ActiveCfg = Marksbury|Any CPU
		{117F5BF3-2100-4A2A-95E4-E9A2A0F7BFE1}.Release|Any CPU.ActiveCfg = Release|Any CPU
		{117F5BF3-2100-4A2A-95E4-E9A2A0F7BFE1}.Release|Any CPU.Build.0 = Release|Any CPU
		{117F5BF3-2100-4A2A-95E4-E9A2A0F7BFE1}.Release|Mixed Platforms.ActiveCfg = Release|Any CPU
		{117F5BF3-2100-4A2A-95E4-E9A2A0F7BFE1}.Release|Mixed Platforms.Build.0 = Release|Any CPU
		{117F5BF3-2100-4A2A-95E4-E9A2A0F7BFE1}.Release|x86.ActiveCfg = Release|Any CPU
		{117F5BF3-2100-4A2A-95E4-E9A2A0F7BFE1}.Stage|Any CPU.ActiveCfg = Stage|Any CPU
		{117F5BF3-2100-4A2A-95E4-E9A2A0F7BFE1}.Stage|Any CPU.Build.0 = Stage|Any CPU
		{117F5BF3-2100-4A2A-95E4-E9A2A0F7BFE1}.Stage|Mixed Platforms.ActiveCfg = Stage|Any CPU
		{117F5BF3-2100-4A2A-95E4-E9A2A0F7BFE1}.Stage|Mixed Platforms.Build.0 = Stage|Any CPU
		{117F5BF3-2100-4A2A-95E4-E9A2A0F7BFE1}.Stage|x86.ActiveCfg = Stage|Any CPU
		{117F5BF3-2100-4A2A-95E4-E9A2A0F7BFE1}.Zimmerman|Any CPU.ActiveCfg = Zimmerman|Any CPU
		{117F5BF3-2100-4A2A-95E4-E9A2A0F7BFE1}.Zimmerman|Any CPU.Build.0 = Zimmerman|Any CPU
		{117F5BF3-2100-4A2A-95E4-E9A2A0F7BFE1}.Zimmerman|Mixed Platforms.ActiveCfg = Zimmerman|Any CPU
		{117F5BF3-2100-4A2A-95E4-E9A2A0F7BFE1}.Zimmerman|Mixed Platforms.Build.0 = Zimmerman|Any CPU
		{117F5BF3-2100-4A2A-95E4-E9A2A0F7BFE1}.Zimmerman|x86.ActiveCfg = Zimmerman|Any CPU
		{C3F8DB29-D16E-4A35-843F-001D2047DAE2}.Debug|Any CPU.ActiveCfg = Debug|Any CPU
		{C3F8DB29-D16E-4A35-843F-001D2047DAE2}.Debug|Any CPU.Build.0 = Debug|Any CPU
		{C3F8DB29-D16E-4A35-843F-001D2047DAE2}.Debug|Mixed Platforms.ActiveCfg = Debug|Any CPU
		{C3F8DB29-D16E-4A35-843F-001D2047DAE2}.Debug|Mixed Platforms.Build.0 = Debug|Any CPU
		{C3F8DB29-D16E-4A35-843F-001D2047DAE2}.Debug|x86.ActiveCfg = Debug|Any CPU
		{C3F8DB29-D16E-4A35-843F-001D2047DAE2}.Marksbury|Any CPU.ActiveCfg = Release|Any CPU
		{C3F8DB29-D16E-4A35-843F-001D2047DAE2}.Marksbury|Any CPU.Build.0 = Release|Any CPU
		{C3F8DB29-D16E-4A35-843F-001D2047DAE2}.Marksbury|Mixed Platforms.ActiveCfg = Release|Any CPU
		{C3F8DB29-D16E-4A35-843F-001D2047DAE2}.Marksbury|Mixed Platforms.Build.0 = Release|Any CPU
		{C3F8DB29-D16E-4A35-843F-001D2047DAE2}.Marksbury|x86.ActiveCfg = Release|Any CPU
		{C3F8DB29-D16E-4A35-843F-001D2047DAE2}.Release|Any CPU.ActiveCfg = Release|Any CPU
		{C3F8DB29-D16E-4A35-843F-001D2047DAE2}.Release|Any CPU.Build.0 = Release|Any CPU
		{C3F8DB29-D16E-4A35-843F-001D2047DAE2}.Release|Mixed Platforms.ActiveCfg = Release|Any CPU
		{C3F8DB29-D16E-4A35-843F-001D2047DAE2}.Release|Mixed Platforms.Build.0 = Release|Any CPU
		{C3F8DB29-D16E-4A35-843F-001D2047DAE2}.Release|x86.ActiveCfg = Release|Any CPU
		{C3F8DB29-D16E-4A35-843F-001D2047DAE2}.Stage|Any CPU.ActiveCfg = Release|Any CPU
		{C3F8DB29-D16E-4A35-843F-001D2047DAE2}.Stage|Any CPU.Build.0 = Release|Any CPU
		{C3F8DB29-D16E-4A35-843F-001D2047DAE2}.Stage|Mixed Platforms.ActiveCfg = Release|Any CPU
		{C3F8DB29-D16E-4A35-843F-001D2047DAE2}.Stage|Mixed Platforms.Build.0 = Release|Any CPU
		{C3F8DB29-D16E-4A35-843F-001D2047DAE2}.Stage|x86.ActiveCfg = Release|Any CPU
		{C3F8DB29-D16E-4A35-843F-001D2047DAE2}.Zimmerman|Any CPU.ActiveCfg = Release|Any CPU
		{C3F8DB29-D16E-4A35-843F-001D2047DAE2}.Zimmerman|Any CPU.Build.0 = Release|Any CPU
		{C3F8DB29-D16E-4A35-843F-001D2047DAE2}.Zimmerman|Mixed Platforms.ActiveCfg = Release|Any CPU
		{C3F8DB29-D16E-4A35-843F-001D2047DAE2}.Zimmerman|Mixed Platforms.Build.0 = Release|Any CPU
		{C3F8DB29-D16E-4A35-843F-001D2047DAE2}.Zimmerman|x86.ActiveCfg = Release|Any CPU
	EndGlobalSection
	GlobalSection(SolutionProperties) = preSolution
		HideSolutionNode = FALSE
	EndGlobalSection
EndGlobal
